// !$*UTF8*$!
{
	archiveVersion = 1;
	classes = {
	};
	objectVersion = 56;
	objects = {

/* Begin PBXBuildFile section */
		16A0C29F2CB1C6AF008A8351 /* Assets.xcassets in Resources */ = {isa = PBXBuildFile; fileRef = 16A0C2962CB1C6AF008A8351 /* Assets.xcassets */; };
		16A0C2A12CB1C6AF008A8351 /* LaunchScreen.storyboard in Resources */ = {isa = PBXBuildFile; fileRef = 16A0C2992CB1C6AF008A8351 /* LaunchScreen.storyboard */; };
		16A0C2A22CB1C6AF008A8351 /* Main.storyboard in Resources */ = {isa = PBXBuildFile; fileRef = 16A0C29B2CB1C6AF008A8351 /* Main.storyboard */; };
		16A0C2A32CB1C6AF008A8351 /* AppDelegate.swift in Sources */ = {isa = PBXBuildFile; fileRef = 16A0C2952CB1C6AF008A8351 /* AppDelegate.swift */; };
		16A0C2A42CB1C6AF008A8351 /* SceneDelegate.swift in Sources */ = {isa = PBXBuildFile; fileRef = 16A0C29C2CB1C6AF008A8351 /* SceneDelegate.swift */; };
		16A0C2A52CB1C6AF008A8351 /* ViewController.swift in Sources */ = {isa = PBXBuildFile; fileRef = 16A0C29D2CB1C6AF008A8351 /* ViewController.swift */; };
		16A0C2A82CB1C6B4008A8351 /* AmxTripPlannerTests.swift in Sources */ = {isa = PBXBuildFile; fileRef = 16A0C2A62CB1C6B4008A8351 /* AmxTripPlannerTests.swift */; };
		16A0C2AC2CB1C6B7008A8351 /* AmxTripPlannerUITests.swift in Sources */ = {isa = PBXBuildFile; fileRef = 16A0C2A92CB1C6B7008A8351 /* AmxTripPlannerUITests.swift */; };
		16A0C2AD2CB1C6B7008A8351 /* AmxTripPlannerUITestsLaunchTests.swift in Sources */ = {isa = PBXBuildFile; fileRef = 16A0C2AA2CB1C6B7008A8351 /* AmxTripPlannerUITestsLaunchTests.swift */; };
		16A0C2B12CB1D396008A8351 /* FlightSearchViewController.swift in Sources */ = {isa = PBXBuildFile; fileRef = 16A0C2B02CB1D394008A8351 /* FlightSearchViewController.swift */; };
		16A0C2B42CB209DB008A8351 /* TestUtil.swift in Sources */ = {isa = PBXBuildFile; fileRef = 16A0C2B32CB209CE008A8351 /* TestUtil.swift */; };
		212195F9812B0A18C8051092 /* Pods_AmxTripPlanner.framework in Frameworks */ = {isa = PBXBuildFile; fileRef = 87AE5A9043D8671718019E46 /* Pods_AmxTripPlanner.framework */; };
		27C977FE95C3FA2CA088A62B /* Pods_AmxTripPlanner_AmxTripPlannerUITests.framework in Frameworks */ = {isa = PBXBuildFile; fileRef = F62085554AAF50A625AD27A9 /* Pods_AmxTripPlanner_AmxTripPlannerUITests.framework */; };
		AF8356493FDD625F684C8E1F /* Pods_AmxTripPlannerTests.framework in Frameworks */ = {isa = PBXBuildFile; fileRef = BE4CB7B833D495DFE42422CD /* Pods_AmxTripPlannerTests.framework */; };
/* End PBXBuildFile section */

/* Begin PBXContainerItemProxy section */
		16A0C2782CB1C6A9008A8351 /* PBXContainerItemProxy */ = {
			isa = PBXContainerItemProxy;
			containerPortal = 16A0C2592CB1C6A8008A8351 /* Project object */;
			proxyType = 1;
			remoteGlobalIDString = 16A0C2602CB1C6A8008A8351;
			remoteInfo = AmxTripPlanner;
		};
		16A0C2822CB1C6A9008A8351 /* PBXContainerItemProxy */ = {
			isa = PBXContainerItemProxy;
			containerPortal = 16A0C2592CB1C6A8008A8351 /* Project object */;
			proxyType = 1;
			remoteGlobalIDString = 16A0C2602CB1C6A8008A8351;
			remoteInfo = AmxTripPlanner;
		};
/* End PBXContainerItemProxy section */

/* Begin PBXFileReference section */
		16A0C2612CB1C6A8008A8351 /* AmxTripPlanner.app */ = {isa = PBXFileReference; explicitFileType = wrapper.application; includeInIndex = 0; path = AmxTripPlanner.app; sourceTree = BUILT_PRODUCTS_DIR; };
		16A0C2772CB1C6A9008A8351 /* AmxTripPlannerTests.xctest */ = {isa = PBXFileReference; explicitFileType = wrapper.cfbundle; includeInIndex = 0; path = AmxTripPlannerTests.xctest; sourceTree = BUILT_PRODUCTS_DIR; };
		16A0C2812CB1C6A9008A8351 /* AmxTripPlannerUITests.xctest */ = {isa = PBXFileReference; explicitFileType = wrapper.cfbundle; includeInIndex = 0; path = AmxTripPlannerUITests.xctest; sourceTree = BUILT_PRODUCTS_DIR; };
		16A0C2952CB1C6AF008A8351 /* AppDelegate.swift */ = {isa = PBXFileReference; lastKnownFileType = sourcecode.swift; path = AppDelegate.swift; sourceTree = "<group>"; };
		16A0C2962CB1C6AF008A8351 /* Assets.xcassets */ = {isa = PBXFileReference; lastKnownFileType = folder.assetcatalog; path = Assets.xcassets; sourceTree = "<group>"; };
		16A0C2972CB1C6AF008A8351 /* Info.plist */ = {isa = PBXFileReference; lastKnownFileType = text.plist.xml; path = Info.plist; sourceTree = "<group>"; };
		16A0C2982CB1C6AF008A8351 /* Base */ = {isa = PBXFileReference; lastKnownFileType = file.storyboard; name = Base; path = Base.lproj/LaunchScreen.storyboard; sourceTree = "<group>"; };
		16A0C29A2CB1C6AF008A8351 /* Base */ = {isa = PBXFileReference; lastKnownFileType = file.storyboard; name = Base; path = Base.lproj/Main.storyboard; sourceTree = "<group>"; };
		16A0C29C2CB1C6AF008A8351 /* SceneDelegate.swift */ = {isa = PBXFileReference; lastKnownFileType = sourcecode.swift; path = SceneDelegate.swift; sourceTree = "<group>"; };
		16A0C29D2CB1C6AF008A8351 /* ViewController.swift */ = {isa = PBXFileReference; lastKnownFileType = sourcecode.swift; path = ViewController.swift; sourceTree = "<group>"; };
		16A0C2A62CB1C6B4008A8351 /* AmxTripPlannerTests.swift */ = {isa = PBXFileReference; lastKnownFileType = sourcecode.swift; path = AmxTripPlannerTests.swift; sourceTree = "<group>"; };
		16A0C2A92CB1C6B7008A8351 /* AmxTripPlannerUITests.swift */ = {isa = PBXFileReference; lastKnownFileType = sourcecode.swift; path = AmxTripPlannerUITests.swift; sourceTree = "<group>"; };
		16A0C2AA2CB1C6B7008A8351 /* AmxTripPlannerUITestsLaunchTests.swift */ = {isa = PBXFileReference; lastKnownFileType = sourcecode.swift; path = AmxTripPlannerUITestsLaunchTests.swift; sourceTree = "<group>"; };
		16A0C2B02CB1D394008A8351 /* FlightSearchViewController.swift */ = {isa = PBXFileReference; lastKnownFileType = sourcecode.swift; path = FlightSearchViewController.swift; sourceTree = "<group>"; };
		16A0C2B22CB1FF8B008A8351 /* AmxTripPlannerUI.xctestplan */ = {isa = PBXFileReference; lastKnownFileType = text; name = AmxTripPlannerUI.xctestplan; path = ../../AmxTripPlannerUI.xctestplan; sourceTree = "<group>"; };
		16A0C2B32CB209CE008A8351 /* TestUtil.swift */ = {isa = PBXFileReference; lastKnownFileType = sourcecode.swift; path = TestUtil.swift; sourceTree = "<group>"; };
		1FC48EFDBBD010A32AEEAF68 /* Pods-AmxTripPlannerTests.debug.xcconfig */ = {isa = PBXFileReference; includeInIndex = 1; lastKnownFileType = text.xcconfig; name = "Pods-AmxTripPlannerTests.debug.xcconfig"; path = "Target Support Files/Pods-AmxTripPlannerTests/Pods-AmxTripPlannerTests.debug.xcconfig"; sourceTree = "<group>"; };
		82C19ED8E7E725580D603D42 /* Pods-AmxTripPlanner-AmxTripPlannerUITests.debug.xcconfig */ = {isa = PBXFileReference; includeInIndex = 1; lastKnownFileType = text.xcconfig; name = "Pods-AmxTripPlanner-AmxTripPlannerUITests.debug.xcconfig"; path = "Target Support Files/Pods-AmxTripPlanner-AmxTripPlannerUITests/Pods-AmxTripPlanner-AmxTripPlannerUITests.debug.xcconfig"; sourceTree = "<group>"; };
		87AE5A9043D8671718019E46 /* Pods_AmxTripPlanner.framework */ = {isa = PBXFileReference; explicitFileType = wrapper.framework; includeInIndex = 0; path = Pods_AmxTripPlanner.framework; sourceTree = BUILT_PRODUCTS_DIR; };
		BE4CB7B833D495DFE42422CD /* Pods_AmxTripPlannerTests.framework */ = {isa = PBXFileReference; explicitFileType = wrapper.framework; includeInIndex = 0; path = Pods_AmxTripPlannerTests.framework; sourceTree = BUILT_PRODUCTS_DIR; };
		C15F3BDDC36D77816516CF17 /* Pods-AmxTripPlanner.debug.xcconfig */ = {isa = PBXFileReference; includeInIndex = 1; lastKnownFileType = text.xcconfig; name = "Pods-AmxTripPlanner.debug.xcconfig"; path = "Target Support Files/Pods-AmxTripPlanner/Pods-AmxTripPlanner.debug.xcconfig"; sourceTree = "<group>"; };
		C9B2ABD87EB587AD2DD37E8D /* Pods-AmxTripPlanner.release.xcconfig */ = {isa = PBXFileReference; includeInIndex = 1; lastKnownFileType = text.xcconfig; name = "Pods-AmxTripPlanner.release.xcconfig"; path = "Target Support Files/Pods-AmxTripPlanner/Pods-AmxTripPlanner.release.xcconfig"; sourceTree = "<group>"; };
		E9D51E4A6C606D95D7F65CEC /* Pods-AmxTripPlannerTests.release.xcconfig */ = {isa = PBXFileReference; includeInIndex = 1; lastKnownFileType = text.xcconfig; name = "Pods-AmxTripPlannerTests.release.xcconfig"; path = "Target Support Files/Pods-AmxTripPlannerTests/Pods-AmxTripPlannerTests.release.xcconfig"; sourceTree = "<group>"; };
		EF59D1F00DAE3D343E9491EB /* Pods-AmxTripPlanner-AmxTripPlannerUITests.release.xcconfig */ = {isa = PBXFileReference; includeInIndex = 1; lastKnownFileType = text.xcconfig; name = "Pods-AmxTripPlanner-AmxTripPlannerUITests.release.xcconfig"; path = "Target Support Files/Pods-AmxTripPlanner-AmxTripPlannerUITests/Pods-AmxTripPlanner-AmxTripPlannerUITests.release.xcconfig"; sourceTree = "<group>"; };
		F62085554AAF50A625AD27A9 /* Pods_AmxTripPlanner_AmxTripPlannerUITests.framework */ = {isa = PBXFileReference; explicitFileType = wrapper.framework; includeInIndex = 0; path = Pods_AmxTripPlanner_AmxTripPlannerUITests.framework; sourceTree = BUILT_PRODUCTS_DIR; };
/* End PBXFileReference section */

/* Begin PBXFrameworksBuildPhase section */
		16A0C25E2CB1C6A8008A8351 /* Frameworks */ = {
			isa = PBXFrameworksBuildPhase;
			buildActionMask = 2147483647;
			files = (
				212195F9812B0A18C8051092 /* Pods_AmxTripPlanner.framework in Frameworks */,
			);
			runOnlyForDeploymentPostprocessing = 0;
		};
		16A0C2742CB1C6A9008A8351 /* Frameworks */ = {
			isa = PBXFrameworksBuildPhase;
			buildActionMask = 2147483647;
			files = (
				AF8356493FDD625F684C8E1F /* Pods_AmxTripPlannerTests.framework in Frameworks */,
			);
			runOnlyForDeploymentPostprocessing = 0;
		};
		16A0C27E2CB1C6A9008A8351 /* Frameworks */ = {
			isa = PBXFrameworksBuildPhase;
			buildActionMask = 2147483647;
			files = (
				27C977FE95C3FA2CA088A62B /* Pods_AmxTripPlanner_AmxTripPlannerUITests.framework in Frameworks */,
			);
			runOnlyForDeploymentPostprocessing = 0;
		};
/* End PBXFrameworksBuildPhase section */

/* Begin PBXGroup section */
		044DA5453ABC9906A3CCFA03 /* Frameworks */ = {
			isa = PBXGroup;
			children = (
				87AE5A9043D8671718019E46 /* Pods_AmxTripPlanner.framework */,
				F62085554AAF50A625AD27A9 /* Pods_AmxTripPlanner_AmxTripPlannerUITests.framework */,
				BE4CB7B833D495DFE42422CD /* Pods_AmxTripPlannerTests.framework */,
			);
			name = Frameworks;
			sourceTree = "<group>";
		};
		16A0C2582CB1C6A8008A8351 = {
			isa = PBXGroup;
			children = (
				16A0C29E2CB1C6AF008A8351 /* AmxTripPlanner */,
				16A0C2A72CB1C6B4008A8351 /* AmxTripPlannerTests */,
				16A0C2AB2CB1C6B7008A8351 /* AmxTripPlannerUITests */,
				16A0C2622CB1C6A8008A8351 /* Products */,
				E9DDBB310B7F572DEE36731E /* Pods */,
				044DA5453ABC9906A3CCFA03 /* Frameworks */,
			);
			sourceTree = "<group>";
		};
		16A0C2622CB1C6A8008A8351 /* Products */ = {
			isa = PBXGroup;
			children = (
				16A0C2612CB1C6A8008A8351 /* AmxTripPlanner.app */,
				16A0C2772CB1C6A9008A8351 /* AmxTripPlannerTests.xctest */,
				16A0C2812CB1C6A9008A8351 /* AmxTripPlannerUITests.xctest */,
			);
			name = Products;
			sourceTree = "<group>";
		};
		16A0C29E2CB1C6AF008A8351 /* AmxTripPlanner */ = {
			isa = PBXGroup;
			children = (
				16A0C2B02CB1D394008A8351 /* FlightSearchViewController.swift */,
				16A0C2952CB1C6AF008A8351 /* AppDelegate.swift */,
				16A0C2962CB1C6AF008A8351 /* Assets.xcassets */,
				16A0C2972CB1C6AF008A8351 /* Info.plist */,
				16A0C2992CB1C6AF008A8351 /* LaunchScreen.storyboard */,
				16A0C29B2CB1C6AF008A8351 /* Main.storyboard */,
				16A0C29C2CB1C6AF008A8351 /* SceneDelegate.swift */,
				16A0C29D2CB1C6AF008A8351 /* ViewController.swift */,
			);
			path = AmxTripPlanner;
			sourceTree = "<group>";
		};
		16A0C2A72CB1C6B4008A8351 /* AmxTripPlannerTests */ = {
			isa = PBXGroup;
			children = (
				16A0C2A62CB1C6B4008A8351 /* AmxTripPlannerTests.swift */,
			);
			path = AmxTripPlannerTests;
			sourceTree = "<group>";
		};
		16A0C2AB2CB1C6B7008A8351 /* AmxTripPlannerUITests */ = {
			isa = PBXGroup;
			children = (
				16A0C2B32CB209CE008A8351 /* TestUtil.swift */,
				16A0C2B22CB1FF8B008A8351 /* AmxTripPlannerUI.xctestplan */,
				16A0C2A92CB1C6B7008A8351 /* AmxTripPlannerUITests.swift */,
				16A0C2AA2CB1C6B7008A8351 /* AmxTripPlannerUITestsLaunchTests.swift */,
			);
			path = AmxTripPlannerUITests;
			sourceTree = "<group>";
		};
		E9DDBB310B7F572DEE36731E /* Pods */ = {
			isa = PBXGroup;
			children = (
				C15F3BDDC36D77816516CF17 /* Pods-AmxTripPlanner.debug.xcconfig */,
				C9B2ABD87EB587AD2DD37E8D /* Pods-AmxTripPlanner.release.xcconfig */,
				82C19ED8E7E725580D603D42 /* Pods-AmxTripPlanner-AmxTripPlannerUITests.debug.xcconfig */,
				EF59D1F00DAE3D343E9491EB /* Pods-AmxTripPlanner-AmxTripPlannerUITests.release.xcconfig */,
				1FC48EFDBBD010A32AEEAF68 /* Pods-AmxTripPlannerTests.debug.xcconfig */,
				E9D51E4A6C606D95D7F65CEC /* Pods-AmxTripPlannerTests.release.xcconfig */,
			);
			path = Pods;
			sourceTree = "<group>";
		};
/* End PBXGroup section */

/* Begin PBXNativeTarget section */
		16A0C2602CB1C6A8008A8351 /* AmxTripPlanner */ = {
			isa = PBXNativeTarget;
			buildConfigurationList = 16A0C28A2CB1C6A9008A8351 /* Build configuration list for PBXNativeTarget "AmxTripPlanner" */;
			buildPhases = (
				8CEF30AC5E1EFEC8286DF3F8 /* [CP] Check Pods Manifest.lock */,
				16A0C25D2CB1C6A8008A8351 /* Sources */,
				16A0C25E2CB1C6A8008A8351 /* Frameworks */,
				16A0C25F2CB1C6A8008A8351 /* Resources */,
			);
			buildRules = (
			);
			dependencies = (
			);
			name = AmxTripPlanner;
			productName = AmxTripPlanner;
			productReference = 16A0C2612CB1C6A8008A8351 /* AmxTripPlanner.app */;
			productType = "com.apple.product-type.application";
		};
		16A0C2762CB1C6A9008A8351 /* AmxTripPlannerTests */ = {
			isa = PBXNativeTarget;
			buildConfigurationList = 16A0C28F2CB1C6A9008A8351 /* Build configuration list for PBXNativeTarget "AmxTripPlannerTests" */;
			buildPhases = (
				F86928EA045F55DF9A77CDF7 /* [CP] Check Pods Manifest.lock */,
				16A0C2732CB1C6A9008A8351 /* Sources */,
				16A0C2742CB1C6A9008A8351 /* Frameworks */,
				16A0C2752CB1C6A9008A8351 /* Resources */,
				0BBDCFFDA53DC394871E7B09 /* [CP] Embed Pods Frameworks */,
			);
			buildRules = (
			);
			dependencies = (
				16A0C2792CB1C6A9008A8351 /* PBXTargetDependency */,
			);
			name = AmxTripPlannerTests;
			productName = AmxTripPlannerTests;
			productReference = 16A0C2772CB1C6A9008A8351 /* AmxTripPlannerTests.xctest */;
			productType = "com.apple.product-type.bundle.unit-test";
		};
		16A0C2802CB1C6A9008A8351 /* AmxTripPlannerUITests */ = {
			isa = PBXNativeTarget;
			buildConfigurationList = 16A0C2922CB1C6A9008A8351 /* Build configuration list for PBXNativeTarget "AmxTripPlannerUITests" */;
			buildPhases = (
				30009C95AE8246B2A981D07A /* [CP] Check Pods Manifest.lock */,
				16A0C27D2CB1C6A9008A8351 /* Sources */,
				16A0C27E2CB1C6A9008A8351 /* Frameworks */,
				16A0C27F2CB1C6A9008A8351 /* Resources */,
				5698872CC684F0861CDCDFE5 /* [CP] Embed Pods Frameworks */,
			);
			buildRules = (
			);
			dependencies = (
				16A0C2832CB1C6A9008A8351 /* PBXTargetDependency */,
			);
			name = AmxTripPlannerUITests;
			productName = AmxTripPlannerUITests;
			productReference = 16A0C2812CB1C6A9008A8351 /* AmxTripPlannerUITests.xctest */;
			productType = "com.apple.product-type.bundle.ui-testing";
		};
/* End PBXNativeTarget section */

/* Begin PBXProject section */
		16A0C2592CB1C6A8008A8351 /* Project object */ = {
			isa = PBXProject;
			attributes = {
				BuildIndependentTargetsInParallel = 1;
				LastSwiftUpdateCheck = 1600;
				LastUpgradeCheck = 1600;
				TargetAttributes = {
					16A0C2602CB1C6A8008A8351 = {
						CreatedOnToolsVersion = 16.0;
					};
					16A0C2762CB1C6A9008A8351 = {
						CreatedOnToolsVersion = 16.0;
						TestTargetID = 16A0C2602CB1C6A8008A8351;
					};
					16A0C2802CB1C6A9008A8351 = {
						CreatedOnToolsVersion = 16.0;
						TestTargetID = 16A0C2602CB1C6A8008A8351;
					};
				};
			};
			buildConfigurationList = 16A0C25C2CB1C6A8008A8351 /* Build configuration list for PBXProject "AmxTripPlanner" */;
			compatibilityVersion = "Xcode 14.0";
			developmentRegion = en;
			hasScannedForEncodings = 0;
			knownRegions = (
				en,
				Base,
			);
			mainGroup = 16A0C2582CB1C6A8008A8351;
			productRefGroup = 16A0C2622CB1C6A8008A8351 /* Products */;
			projectDirPath = "";
			projectRoot = "";
			targets = (
				16A0C2602CB1C6A8008A8351 /* AmxTripPlanner */,
				16A0C2762CB1C6A9008A8351 /* AmxTripPlannerTests */,
				16A0C2802CB1C6A9008A8351 /* AmxTripPlannerUITests */,
			);
		};
/* End PBXProject section */

/* Begin PBXResourcesBuildPhase section */
		16A0C25F2CB1C6A8008A8351 /* Resources */ = {
			isa = PBXResourcesBuildPhase;
			buildActionMask = 2147483647;
			files = (
				16A0C29F2CB1C6AF008A8351 /* Assets.xcassets in Resources */,
				16A0C2A12CB1C6AF008A8351 /* LaunchScreen.storyboard in Resources */,
				16A0C2A22CB1C6AF008A8351 /* Main.storyboard in Resources */,
			);
			runOnlyForDeploymentPostprocessing = 0;
		};
		16A0C2752CB1C6A9008A8351 /* Resources */ = {
			isa = PBXResourcesBuildPhase;
			buildActionMask = 2147483647;
			files = (
			);
			runOnlyForDeploymentPostprocessing = 0;
		};
		16A0C27F2CB1C6A9008A8351 /* Resources */ = {
			isa = PBXResourcesBuildPhase;
			buildActionMask = 2147483647;
			files = (
			);
			runOnlyForDeploymentPostprocessing = 0;
		};
/* End PBXResourcesBuildPhase section */

/* Begin PBXShellScriptBuildPhase section */
		0BBDCFFDA53DC394871E7B09 /* [CP] Embed Pods Frameworks */ = {
			isa = PBXShellScriptBuildPhase;
			buildActionMask = 2147483647;
			files = (
			);
			inputFileListPaths = (
				"${PODS_ROOT}/Target Support Files/Pods-AmxTripPlannerTests/Pods-AmxTripPlannerTests-frameworks-${CONFIGURATION}-input-files.xcfilelist",
			);
			name = "[CP] Embed Pods Frameworks";
			outputFileListPaths = (
				"${PODS_ROOT}/Target Support Files/Pods-AmxTripPlannerTests/Pods-AmxTripPlannerTests-frameworks-${CONFIGURATION}-output-files.xcfilelist",
			);
			runOnlyForDeploymentPostprocessing = 0;
			shellPath = /bin/sh;
			shellScript = "\"${PODS_ROOT}/Target Support Files/Pods-AmxTripPlannerTests/Pods-AmxTripPlannerTests-frameworks.sh\"\n";
			showEnvVarsInLog = 0;
		};
		30009C95AE8246B2A981D07A /* [CP] Check Pods Manifest.lock */ = {
			isa = PBXShellScriptBuildPhase;
			buildActionMask = 2147483647;
			files = (
			);
			inputFileListPaths = (
			);
			inputPaths = (
				"${PODS_PODFILE_DIR_PATH}/Podfile.lock",
				"${PODS_ROOT}/Manifest.lock",
			);
			name = "[CP] Check Pods Manifest.lock";
			outputFileListPaths = (
			);
			outputPaths = (
				"$(DERIVED_FILE_DIR)/Pods-AmxTripPlanner-AmxTripPlannerUITests-checkManifestLockResult.txt",
			);
			runOnlyForDeploymentPostprocessing = 0;
			shellPath = /bin/sh;
			shellScript = "diff \"${PODS_PODFILE_DIR_PATH}/Podfile.lock\" \"${PODS_ROOT}/Manifest.lock\" > /dev/null\nif [ $? != 0 ] ; then\n    # print error to STDERR\n    echo \"error: The sandbox is not in sync with the Podfile.lock. Run 'pod install' or update your CocoaPods installation.\" >&2\n    exit 1\nfi\n# This output is used by Xcode 'outputs' to avoid re-running this script phase.\necho \"SUCCESS\" > \"${SCRIPT_OUTPUT_FILE_0}\"\n";
			showEnvVarsInLog = 0;
		};
		5698872CC684F0861CDCDFE5 /* [CP] Embed Pods Frameworks */ = {
			isa = PBXShellScriptBuildPhase;
			buildActionMask = 2147483647;
			files = (
			);
			inputFileListPaths = (
				"${PODS_ROOT}/Target Support Files/Pods-AmxTripPlanner-AmxTripPlannerUITests/Pods-AmxTripPlanner-AmxTripPlannerUITests-frameworks-${CONFIGURATION}-input-files.xcfilelist",
			);
			name = "[CP] Embed Pods Frameworks";
			outputFileListPaths = (
				"${PODS_ROOT}/Target Support Files/Pods-AmxTripPlanner-AmxTripPlannerUITests/Pods-AmxTripPlanner-AmxTripPlannerUITests-frameworks-${CONFIGURATION}-output-files.xcfilelist",
			);
			runOnlyForDeploymentPostprocessing = 0;
			shellPath = /bin/sh;
			shellScript = "\"${PODS_ROOT}/Target Support Files/Pods-AmxTripPlanner-AmxTripPlannerUITests/Pods-AmxTripPlanner-AmxTripPlannerUITests-frameworks.sh\"\n";
			showEnvVarsInLog = 0;
		};
		8CEF30AC5E1EFEC8286DF3F8 /* [CP] Check Pods Manifest.lock */ = {
			isa = PBXShellScriptBuildPhase;
			buildActionMask = 2147483647;
			files = (
			);
			inputFileListPaths = (
			);
			inputPaths = (
				"${PODS_PODFILE_DIR_PATH}/Podfile.lock",
				"${PODS_ROOT}/Manifest.lock",
			);
			name = "[CP] Check Pods Manifest.lock";
			outputFileListPaths = (
			);
			outputPaths = (
				"$(DERIVED_FILE_DIR)/Pods-AmxTripPlanner-checkManifestLockResult.txt",
			);
			runOnlyForDeploymentPostprocessing = 0;
			shellPath = /bin/sh;
			shellScript = "diff \"${PODS_PODFILE_DIR_PATH}/Podfile.lock\" \"${PODS_ROOT}/Manifest.lock\" > /dev/null\nif [ $? != 0 ] ; then\n    # print error to STDERR\n    echo \"error: The sandbox is not in sync with the Podfile.lock. Run 'pod install' or update your CocoaPods installation.\" >&2\n    exit 1\nfi\n# This output is used by Xcode 'outputs' to avoid re-running this script phase.\necho \"SUCCESS\" > \"${SCRIPT_OUTPUT_FILE_0}\"\n";
			showEnvVarsInLog = 0;
		};
		F86928EA045F55DF9A77CDF7 /* [CP] Check Pods Manifest.lock */ = {
			isa = PBXShellScriptBuildPhase;
			buildActionMask = 2147483647;
			files = (
			);
			inputFileListPaths = (
			);
			inputPaths = (
				"${PODS_PODFILE_DIR_PATH}/Podfile.lock",
				"${PODS_ROOT}/Manifest.lock",
			);
			name = "[CP] Check Pods Manifest.lock";
			outputFileListPaths = (
			);
			outputPaths = (
				"$(DERIVED_FILE_DIR)/Pods-AmxTripPlannerTests-checkManifestLockResult.txt",
			);
			runOnlyForDeploymentPostprocessing = 0;
			shellPath = /bin/sh;
			shellScript = "diff \"${PODS_PODFILE_DIR_PATH}/Podfile.lock\" \"${PODS_ROOT}/Manifest.lock\" > /dev/null\nif [ $? != 0 ] ; then\n    # print error to STDERR\n    echo \"error: The sandbox is not in sync with the Podfile.lock. Run 'pod install' or update your CocoaPods installation.\" >&2\n    exit 1\nfi\n# This output is used by Xcode 'outputs' to avoid re-running this script phase.\necho \"SUCCESS\" > \"${SCRIPT_OUTPUT_FILE_0}\"\n";
			showEnvVarsInLog = 0;
		};
/* End PBXShellScriptBuildPhase section */

/* Begin PBXSourcesBuildPhase section */
		16A0C25D2CB1C6A8008A8351 /* Sources */ = {
			isa = PBXSourcesBuildPhase;
			buildActionMask = 2147483647;
			files = (
				16A0C2B12CB1D396008A8351 /* FlightSearchViewController.swift in Sources */,
				16A0C2A32CB1C6AF008A8351 /* AppDelegate.swift in Sources */,
				16A0C2A42CB1C6AF008A8351 /* SceneDelegate.swift in Sources */,
				16A0C2A52CB1C6AF008A8351 /* ViewController.swift in Sources */,
			);
			runOnlyForDeploymentPostprocessing = 0;
		};
		16A0C2732CB1C6A9008A8351 /* Sources */ = {
			isa = PBXSourcesBuildPhase;
			buildActionMask = 2147483647;
			files = (
				16A0C2A82CB1C6B4008A8351 /* AmxTripPlannerTests.swift in Sources */,
			);
			runOnlyForDeploymentPostprocessing = 0;
		};
		16A0C27D2CB1C6A9008A8351 /* Sources */ = {
			isa = PBXSourcesBuildPhase;
			buildActionMask = 2147483647;
			files = (
				16A0C2AC2CB1C6B7008A8351 /* AmxTripPlannerUITests.swift in Sources */,
				16A0C2B42CB209DB008A8351 /* TestUtil.swift in Sources */,
				16A0C2AD2CB1C6B7008A8351 /* AmxTripPlannerUITestsLaunchTests.swift in Sources */,
			);
			runOnlyForDeploymentPostprocessing = 0;
		};
/* End PBXSourcesBuildPhase section */

/* Begin PBXTargetDependency section */
		16A0C2792CB1C6A9008A8351 /* PBXTargetDependency */ = {
			isa = PBXTargetDependency;
			target = 16A0C2602CB1C6A8008A8351 /* AmxTripPlanner */;
			targetProxy = 16A0C2782CB1C6A9008A8351 /* PBXContainerItemProxy */;
		};
		16A0C2832CB1C6A9008A8351 /* PBXTargetDependency */ = {
			isa = PBXTargetDependency;
			target = 16A0C2602CB1C6A8008A8351 /* AmxTripPlanner */;
			targetProxy = 16A0C2822CB1C6A9008A8351 /* PBXContainerItemProxy */;
		};
/* End PBXTargetDependency section */

/* Begin PBXVariantGroup section */
		16A0C2992CB1C6AF008A8351 /* LaunchScreen.storyboard */ = {
			isa = PBXVariantGroup;
			children = (
				16A0C2982CB1C6AF008A8351 /* Base */,
			);
			name = LaunchScreen.storyboard;
			sourceTree = "<group>";
		};
		16A0C29B2CB1C6AF008A8351 /* Main.storyboard */ = {
			isa = PBXVariantGroup;
			children = (
				16A0C29A2CB1C6AF008A8351 /* Base */,
			);
			name = Main.storyboard;
			sourceTree = "<group>";
		};
/* End PBXVariantGroup section */

/* Begin XCBuildConfiguration section */
		16A0C28B2CB1C6A9008A8351 /* Debug */ = {
			isa = XCBuildConfiguration;
			baseConfigurationReference = C15F3BDDC36D77816516CF17 /* Pods-AmxTripPlanner.debug.xcconfig */;
			buildSettings = {
				ASSETCATALOG_COMPILER_APPICON_NAME = AppIcon;
				ASSETCATALOG_COMPILER_GLOBAL_ACCENT_COLOR_NAME = AccentColor;
				CODE_SIGN_STYLE = Automatic;
				CURRENT_PROJECT_VERSION = 1;
				DEVELOPMENT_TEAM = K87U4BY93J;
				GENERATE_INFOPLIST_FILE = YES;
				INFOPLIST_FILE = AmxTripPlanner/Info.plist;
				INFOPLIST_KEY_UIApplicationSupportsIndirectInputEvents = YES;
				INFOPLIST_KEY_UILaunchStoryboardName = LaunchScreen;
				INFOPLIST_KEY_UIMainStoryboardFile = Main;
				INFOPLIST_KEY_UISupportedInterfaceOrientations_iPad = "UIInterfaceOrientationPortrait UIInterfaceOrientationPortraitUpsideDown UIInterfaceOrientationLandscapeLeft UIInterfaceOrientationLandscapeRight";
				INFOPLIST_KEY_UISupportedInterfaceOrientations_iPhone = "UIInterfaceOrientationPortrait UIInterfaceOrientationLandscapeLeft UIInterfaceOrientationLandscapeRight";
				LD_RUNPATH_SEARCH_PATHS = (
					"$(inherited)",
					"@executable_path/Frameworks",
				);
				MARKETING_VERSION = 1.0;
				PRODUCT_BUNDLE_IDENTIFIER = coalesceworks.uk.AmxTripPlanner;
				PRODUCT_NAME = "$(TARGET_NAME)";
				SWIFT_EMIT_LOC_STRINGS = YES;
				SWIFT_VERSION = 5.0;
				TARGETED_DEVICE_FAMILY = "1,2";
			};
			name = Debug;
		};
		16A0C28C2CB1C6A9008A8351 /* Release */ = {
			isa = XCBuildConfiguration;
			baseConfigurationReference = C9B2ABD87EB587AD2DD37E8D /* Pods-AmxTripPlanner.release.xcconfig */;
			buildSettings = {
				ASSETCATALOG_COMPILER_APPICON_NAME = AppIcon;
				ASSETCATALOG_COMPILER_GLOBAL_ACCENT_COLOR_NAME = AccentColor;
				CODE_SIGN_STYLE = Automatic;
				CURRENT_PROJECT_VERSION = 1;
				DEVELOPMENT_TEAM = K87U4BY93J;
				GENERATE_INFOPLIST_FILE = YES;
				INFOPLIST_FILE = AmxTripPlanner/Info.plist;
				INFOPLIST_KEY_UIApplicationSupportsIndirectInputEvents = YES;
				INFOPLIST_KEY_UILaunchStoryboardName = LaunchScreen;
				INFOPLIST_KEY_UIMainStoryboardFile = Main;
				INFOPLIST_KEY_UISupportedInterfaceOrientations_iPad = "UIInterfaceOrientationPortrait UIInterfaceOrientationPortraitUpsideDown UIInterfaceOrientationLandscapeLeft UIInterfaceOrientationLandscapeRight";
				INFOPLIST_KEY_UISupportedInterfaceOrientations_iPhone = "UIInterfaceOrientationPortrait UIInterfaceOrientationLandscapeLeft UIInterfaceOrientationLandscapeRight";
				LD_RUNPATH_SEARCH_PATHS = (
					"$(inherited)",
					"@executable_path/Frameworks",
				);
				MARKETING_VERSION = 1.0;
				PRODUCT_BUNDLE_IDENTIFIER = coalesceworks.uk.AmxTripPlanner;
				PRODUCT_NAME = "$(TARGET_NAME)";
				SWIFT_EMIT_LOC_STRINGS = YES;
				SWIFT_VERSION = 5.0;
				TARGETED_DEVICE_FAMILY = "1,2";
			};
			name = Release;
		};
		16A0C28D2CB1C6A9008A8351 /* Debug */ = {
			isa = XCBuildConfiguration;
			buildSettings = {
				ALWAYS_SEARCH_USER_PATHS = NO;
				ASSETCATALOG_COMPILER_GENERATE_SWIFT_ASSET_SYMBOL_EXTENSIONS = YES;
				CLANG_ANALYZER_NONNULL = YES;
				CLANG_ANALYZER_NUMBER_OBJECT_CONVERSION = YES_AGGRESSIVE;
				CLANG_CXX_LANGUAGE_STANDARD = "gnu++20";
				CLANG_ENABLE_MODULES = YES;
				CLANG_ENABLE_OBJC_ARC = YES;
				CLANG_ENABLE_OBJC_WEAK = YES;
				CLANG_WARN_BLOCK_CAPTURE_AUTORELEASING = YES;
				CLANG_WARN_BOOL_CONVERSION = YES;
				CLANG_WARN_COMMA = YES;
				CLANG_WARN_CONSTANT_CONVERSION = YES;
				CLANG_WARN_DEPRECATED_OBJC_IMPLEMENTATIONS = YES;
				CLANG_WARN_DIRECT_OBJC_ISA_USAGE = YES_ERROR;
				CLANG_WARN_DOCUMENTATION_COMMENTS = YES;
				CLANG_WARN_EMPTY_BODY = YES;
				CLANG_WARN_ENUM_CONVERSION = YES;
				CLANG_WARN_INFINITE_RECURSION = YES;
				CLANG_WARN_INT_CONVERSION = YES;
				CLANG_WARN_NON_LITERAL_NULL_CONVERSION = YES;
				CLANG_WARN_OBJC_IMPLICIT_RETAIN_SELF = YES;
				CLANG_WARN_OBJC_LITERAL_CONVERSION = YES;
				CLANG_WARN_OBJC_ROOT_CLASS = YES_ERROR;
				CLANG_WARN_QUOTED_INCLUDE_IN_FRAMEWORK_HEADER = YES;
				CLANG_WARN_RANGE_LOOP_ANALYSIS = YES;
				CLANG_WARN_STRICT_PROTOTYPES = YES;
				CLANG_WARN_SUSPICIOUS_MOVE = YES;
				CLANG_WARN_UNGUARDED_AVAILABILITY = YES_AGGRESSIVE;
				CLANG_WARN_UNREACHABLE_CODE = YES;
				CLANG_WARN__DUPLICATE_METHOD_MATCH = YES;
				COPY_PHASE_STRIP = NO;
				DEBUG_INFORMATION_FORMAT = dwarf;
				ENABLE_STRICT_OBJC_MSGSEND = YES;
				ENABLE_TESTABILITY = YES;
				ENABLE_USER_SCRIPT_SANDBOXING = NO;
				GCC_C_LANGUAGE_STANDARD = gnu17;
				GCC_DYNAMIC_NO_PIC = NO;
				GCC_NO_COMMON_BLOCKS = YES;
				GCC_OPTIMIZATION_LEVEL = 0;
				GCC_PREPROCESSOR_DEFINITIONS = (
					"DEBUG=1",
					"$(inherited)",
				);
				GCC_WARN_64_TO_32_BIT_CONVERSION = YES;
				GCC_WARN_ABOUT_RETURN_TYPE = YES_ERROR;
				GCC_WARN_UNDECLARED_SELECTOR = YES;
				GCC_WARN_UNINITIALIZED_AUTOS = YES_AGGRESSIVE;
				GCC_WARN_UNUSED_FUNCTION = YES;
				GCC_WARN_UNUSED_VARIABLE = YES;
				IPHONEOS_DEPLOYMENT_TARGET = 18.0;
				LOCALIZATION_PREFERS_STRING_CATALOGS = YES;
				MTL_ENABLE_DEBUG_INFO = INCLUDE_SOURCE;
				MTL_FAST_MATH = YES;
				ONLY_ACTIVE_ARCH = YES;
				SDKROOT = iphoneos;
				SWIFT_ACTIVE_COMPILATION_CONDITIONS = "DEBUG $(inherited)";
				SWIFT_OPTIMIZATION_LEVEL = "-Onone";
			};
			name = Debug;
		};
		16A0C28E2CB1C6A9008A8351 /* Release */ = {
			isa = XCBuildConfiguration;
			buildSettings = {
				ALWAYS_SEARCH_USER_PATHS = NO;
				ASSETCATALOG_COMPILER_GENERATE_SWIFT_ASSET_SYMBOL_EXTENSIONS = YES;
				CLANG_ANALYZER_NONNULL = YES;
				CLANG_ANALYZER_NUMBER_OBJECT_CONVERSION = YES_AGGRESSIVE;
				CLANG_CXX_LANGUAGE_STANDARD = "gnu++20";
				CLANG_ENABLE_MODULES = YES;
				CLANG_ENABLE_OBJC_ARC = YES;
				CLANG_ENABLE_OBJC_WEAK = YES;
				CLANG_WARN_BLOCK_CAPTURE_AUTORELEASING = YES;
				CLANG_WARN_BOOL_CONVERSION = YES;
				CLANG_WARN_COMMA = YES;
				CLANG_WARN_CONSTANT_CONVERSION = YES;
				CLANG_WARN_DEPRECATED_OBJC_IMPLEMENTATIONS = YES;
				CLANG_WARN_DIRECT_OBJC_ISA_USAGE = YES_ERROR;
				CLANG_WARN_DOCUMENTATION_COMMENTS = YES;
				CLANG_WARN_EMPTY_BODY = YES;
				CLANG_WARN_ENUM_CONVERSION = YES;
				CLANG_WARN_INFINITE_RECURSION = YES;
				CLANG_WARN_INT_CONVERSION = YES;
				CLANG_WARN_NON_LITERAL_NULL_CONVERSION = YES;
				CLANG_WARN_OBJC_IMPLICIT_RETAIN_SELF = YES;
				CLANG_WARN_OBJC_LITERAL_CONVERSION = YES;
				CLANG_WARN_OBJC_ROOT_CLASS = YES_ERROR;
				CLANG_WARN_QUOTED_INCLUDE_IN_FRAMEWORK_HEADER = YES;
				CLANG_WARN_RANGE_LOOP_ANALYSIS = YES;
				CLANG_WARN_STRICT_PROTOTYPES = YES;
				CLANG_WARN_SUSPICIOUS_MOVE = YES;
				CLANG_WARN_UNGUARDED_AVAILABILITY = YES_AGGRESSIVE;
				CLANG_WARN_UNREACHABLE_CODE = YES;
				CLANG_WARN__DUPLICATE_METHOD_MATCH = YES;
				COPY_PHASE_STRIP = NO;
				DEBUG_INFORMATION_FORMAT = "dwarf-with-dsym";
				ENABLE_NS_ASSERTIONS = NO;
				ENABLE_STRICT_OBJC_MSGSEND = YES;
				ENABLE_USER_SCRIPT_SANDBOXING = NO;
				GCC_C_LANGUAGE_STANDARD = gnu17;
				GCC_NO_COMMON_BLOCKS = YES;
				GCC_WARN_64_TO_32_BIT_CONVERSION = YES;
				GCC_WARN_ABOUT_RETURN_TYPE = YES_ERROR;
				GCC_WARN_UNDECLARED_SELECTOR = YES;
				GCC_WARN_UNINITIALIZED_AUTOS = YES_AGGRESSIVE;
				GCC_WARN_UNUSED_FUNCTION = YES;
				GCC_WARN_UNUSED_VARIABLE = YES;
				IPHONEOS_DEPLOYMENT_TARGET = 18.0;
				LOCALIZATION_PREFERS_STRING_CATALOGS = YES;
				MTL_ENABLE_DEBUG_INFO = NO;
				MTL_FAST_MATH = YES;
				SDKROOT = iphoneos;
				SWIFT_COMPILATION_MODE = wholemodule;
				VALIDATE_PRODUCT = YES;
			};
			name = Release;
		};
		16A0C2902CB1C6A9008A8351 /* Debug */ = {
			isa = XCBuildConfiguration;
			baseConfigurationReference = 1FC48EFDBBD010A32AEEAF68 /* Pods-AmxTripPlannerTests.debug.xcconfig */;
			buildSettings = {
				BUNDLE_LOADER = "$(TEST_HOST)";
				CODE_SIGN_STYLE = Automatic;
				CURRENT_PROJECT_VERSION = 1;
				DEVELOPMENT_TEAM = K87U4BY93J;
				GENERATE_INFOPLIST_FILE = YES;
				IPHONEOS_DEPLOYMENT_TARGET = 18.0;
				MARKETING_VERSION = 1.0;
				PRODUCT_BUNDLE_IDENTIFIER = coalesceworks.uk.AmxTripPlannerTests;
				PRODUCT_NAME = "$(TARGET_NAME)";
				SWIFT_EMIT_LOC_STRINGS = NO;
				SWIFT_VERSION = 5.0;
				TARGETED_DEVICE_FAMILY = "1,2";
				TEST_HOST = "$(BUILT_PRODUCTS_DIR)/AmxTripPlanner.app/$(BUNDLE_EXECUTABLE_FOLDER_PATH)/AmxTripPlanner";
			};
			name = Debug;
		};
		16A0C2912CB1C6A9008A8351 /* Release */ = {
			isa = XCBuildConfiguration;
			baseConfigurationReference = E9D51E4A6C606D95D7F65CEC /* Pods-AmxTripPlannerTests.release.xcconfig */;
			buildSettings = {
				BUNDLE_LOADER = "$(TEST_HOST)";
				CODE_SIGN_STYLE = Automatic;
				CURRENT_PROJECT_VERSION = 1;
				DEVELOPMENT_TEAM = K87U4BY93J;
				GENERATE_INFOPLIST_FILE = YES;
				IPHONEOS_DEPLOYMENT_TARGET = 18.0;
				MARKETING_VERSION = 1.0;
				PRODUCT_BUNDLE_IDENTIFIER = coalesceworks.uk.AmxTripPlannerTests;
				PRODUCT_NAME = "$(TARGET_NAME)";
				SWIFT_EMIT_LOC_STRINGS = NO;
				SWIFT_VERSION = 5.0;
				TARGETED_DEVICE_FAMILY = "1,2";
				TEST_HOST = "$(BUILT_PRODUCTS_DIR)/AmxTripPlanner.app/$(BUNDLE_EXECUTABLE_FOLDER_PATH)/AmxTripPlanner";
			};
			name = Release;
		};
		16A0C2932CB1C6A9008A8351 /* Debug */ = {
			isa = XCBuildConfiguration;
			baseConfigurationReference = 82C19ED8E7E725580D603D42 /* Pods-AmxTripPlanner-AmxTripPlannerUITests.debug.xcconfig */;
			buildSettings = {
				CODE_SIGN_STYLE = Automatic;
				CURRENT_PROJECT_VERSION = 1;
				DEVELOPMENT_TEAM = K87U4BY93J;
				GENERATE_INFOPLIST_FILE = YES;
				MARKETING_VERSION = 1.0;
				PRODUCT_BUNDLE_IDENTIFIER = coalesceworks.uk.AmxTripPlannerUITests;
				PRODUCT_NAME = "$(TARGET_NAME)";
				SWIFT_EMIT_LOC_STRINGS = NO;
				SWIFT_VERSION = 5.0;
				TARGETED_DEVICE_FAMILY = "1,2";
				TEST_TARGET_NAME = AmxTripPlanner;
			};
			name = Debug;
		};
		16A0C2942CB1C6A9008A8351 /* Release */ = {
			isa = XCBuildConfiguration;
			baseConfigurationReference = EF59D1F00DAE3D343E9491EB /* Pods-AmxTripPlanner-AmxTripPlannerUITests.release.xcconfig */;
			buildSettings = {
				CODE_SIGN_STYLE = Automatic;
				CURRENT_PROJECT_VERSION = 1;
				DEVELOPMENT_TEAM = K87U4BY93J;
				GENERATE_INFOPLIST_FILE = YES;
				MARKETING_VERSION = 1.0;
				PRODUCT_BUNDLE_IDENTIFIER = coalesceworks.uk.AmxTripPlannerUITests;
				PRODUCT_NAME = "$(TARGET_NAME)";
				SWIFT_EMIT_LOC_STRINGS = NO;
				SWIFT_VERSION = 5.0;
				TARGETED_DEVICE_FAMILY = "1,2";
				TEST_TARGET_NAME = AmxTripPlanner;
			};
			name = Release;
		};
/* End XCBuildConfiguration section */

/* Begin XCConfigurationList section */
		16A0C25C2CB1C6A8008A8351 /* Build configuration list for PBXProject "AmxTripPlanner" */ = {
			isa = XCConfigurationList;
			buildConfigurations = (
				16A0C28D2CB1C6A9008A8351 /* Debug */,
				16A0C28E2CB1C6A9008A8351 /* Release */,
			);
			defaultConfigurationIsVisible = 0;
			defaultConfigurationName = Release;
		};
		16A0C28A2CB1C6A9008A8351 /* Build configuration list for PBXNativeTarget "AmxTripPlanner" */ = {
			isa = XCConfigurationList;
			buildConfigurations = (
				16A0C28B2CB1C6A9008A8351 /* Debug */,
				16A0C28C2CB1C6A9008A8351 /* Release */,
			);
			defaultConfigurationIsVisible = 0;
			defaultConfigurationName = Release;
		};
		16A0C28F2CB1C6A9008A8351 /* Build configuration list for PBXNativeTarget "AmxTripPlannerTests" */ = {
			isa = XCConfigurationList;
			buildConfigurations = (
				16A0C2902CB1C6A9008A8351 /* Debug */,
				16A0C2912CB1C6A9008A8351 /* Release */,
			);
			defaultConfigurationIsVisible = 0;
			defaultConfigurationName = Release;
		};
		16A0C2922CB1C6A9008A8351 /* Build configuration list for PBXNativeTarget "AmxTripPlannerUITests" */ = {
			isa = XCConfigurationList;
			buildConfigurations = (
				16A0C2932CB1C6A9008A8351 /* Debug */,
				16A0C2942CB1C6A9008A8351 /* Release */,
			);
			defaultConfigurationIsVisible = 0;
			defaultConfigurationName = Release;
		};
/* End XCConfigurationList section */
	};
	rootObject = 16A0C2592CB1C6A8008A8351 /* Project object */;
}
